
Microsoft Visual Studio Solution File, Format Version 12.00
# Visual Studio Version 17
VisualStudioVersion = 17.7.34024.191
MinimumVisualStudioVersion = 10.0.40219.1
Project("{FAE04EC0-301F-11D3-BF4B-00C04F79EFBC}") = "Calculator", "Calculator.csproj", "{584FAF58-2C1E-45E6-875E-ACD149E7322B}"
EndProject
Global
	GlobalSection(SolutionConfigurationPlatforms) = preSolution
		Debug|Any CPU = Debug|Any CPU
		Release|Any CPU = Release|Any CPU
	EndGlobalSection
	GlobalSection(ProjectConfigurationPlatforms) = postSolution
		{584FAF58-2C1E-45E6-875E-ACD149E7322B}.Debug|Any CPU.ActiveCfg = Debug|Any CPU
		{584FAF58-2C1E-45E6-875E-ACD149E7322B}.Debug|Any CPU.Build.0 = Debug|Any CPU
		{584FAF58-2C1E-45E6-875E-ACD149E7322B}.Release|Any CPU.ActiveCfg = Release|Any CPU
		{584FAF58-2C1E-45E6-875E-ACD149E7322B}.Release|Any CPU.Build.0 = Release|Any CPU
	EndGlobalSection
	GlobalSection(SolutionProperties) = preSolution
		HideSolutionNode = FALSE
	EndGlobalSection
	GlobalSection(ExtensibilityGlobals) = postSolution
		SolutionGuid = {F488104A-541F-4219-B1A5-1FDC0C75DA2F}
	EndGlobalSection
EndGlobal
